
Microsoft Visual Studio Solution File, Format Version 12.00
# Visual Studio 15
VisualStudioVersion = 15.0.28010.2016
MinimumVisualStudioVersion = 10.0.40219.1
Project("{FAE04EC0-301F-11D3-BF4B-00C04F79EFBC}") = "2Lados", "2Lados\2Lados.csproj", "{2531DCC0-BF89-4276-9075-BF4AAD388794}"
EndProject
Global
	GlobalSection(SolutionConfigurationPlatforms) = preSolution
		Debug|Any CPU = Debug|Any CPU
		Release|Any CPU = Release|Any CPU
	EndGlobalSection
	GlobalSection(ProjectConfigurationPlatforms) = postSolution
		{2531DCC0-BF89-4276-9075-BF4AAD388794}.Debug|Any CPU.ActiveCfg = Debug|Any CPU
		{2531DCC0-BF89-4276-9075-BF4AAD388794}.Debug|Any CPU.Build.0 = Debug|Any CPU
		{2531DCC0-BF89-4276-9075-BF4AAD388794}.Release|Any CPU.ActiveCfg = Release|Any CPU
		{2531DCC0-BF89-4276-9075-BF4AAD388794}.Release|Any CPU.Build.0 = Release|Any CPU
	EndGlobalSection
	GlobalSection(SolutionProperties) = preSolution
		HideSolutionNode = FALSE
	EndGlobalSection
	GlobalSection(ExtensibilityGlobals) = postSolution
		SolutionGuid = {A7EF6326-F63B-4D3F-84AC-652A8CF5051E}
	EndGlobalSection
EndGlobal
