
Microsoft Visual Studio Solution File, Format Version 12.00
# Visual Studio 15
VisualStudioVersion = 15.0.28307.271
MinimumVisualStudioVersion = 10.0.40219.1
Project("{FAE04EC0-301F-11D3-BF4B-00C04F79EFBC}") = "FigurasGeometricas", "FigurasGeometricas\FigurasGeometricas.csproj", "{FEE525C1-AF5D-4B97-B474-ACF1C0EFEDD8}"
EndProject
Global
	GlobalSection(SolutionConfigurationPlatforms) = preSolution
		Debug|Any CPU = Debug|Any CPU
		Release|Any CPU = Release|Any CPU
	EndGlobalSection
	GlobalSection(ProjectConfigurationPlatforms) = postSolution
		{FEE525C1-AF5D-4B97-B474-ACF1C0EFEDD8}.Debug|Any CPU.ActiveCfg = Debug|Any CPU
		{FEE525C1-AF5D-4B97-B474-ACF1C0EFEDD8}.Debug|Any CPU.Build.0 = Debug|Any CPU
		{FEE525C1-AF5D-4B97-B474-ACF1C0EFEDD8}.Release|Any CPU.ActiveCfg = Release|Any CPU
		{FEE525C1-AF5D-4B97-B474-ACF1C0EFEDD8}.Release|Any CPU.Build.0 = Release|Any CPU
	EndGlobalSection
	GlobalSection(SolutionProperties) = preSolution
		HideSolutionNode = FALSE
	EndGlobalSection
	GlobalSection(ExtensibilityGlobals) = postSolution
		SolutionGuid = {9260FF75-4E56-447C-BEAC-745D3E3995DF}
	EndGlobalSection
EndGlobal
