
Microsoft Visual Studio Solution File, Format Version 12.00
# Visual Studio 15
VisualStudioVersion = 15.0.28010.2016
MinimumVisualStudioVersion = 10.0.40219.1
Project("{FAE04EC0-301F-11D3-BF4B-00C04F79EFBC}") = "Ejercicio8", "Ejercicio8\Ejercicio8.csproj", "{EC661084-BA86-4B8F-A925-E5884F647DEA}"
EndProject
Global
	GlobalSection(SolutionConfigurationPlatforms) = preSolution
		Debug|Any CPU = Debug|Any CPU
		Release|Any CPU = Release|Any CPU
	EndGlobalSection
	GlobalSection(ProjectConfigurationPlatforms) = postSolution
		{EC661084-BA86-4B8F-A925-E5884F647DEA}.Debug|Any CPU.ActiveCfg = Debug|Any CPU
		{EC661084-BA86-4B8F-A925-E5884F647DEA}.Debug|Any CPU.Build.0 = Debug|Any CPU
		{EC661084-BA86-4B8F-A925-E5884F647DEA}.Release|Any CPU.ActiveCfg = Release|Any CPU
		{EC661084-BA86-4B8F-A925-E5884F647DEA}.Release|Any CPU.Build.0 = Release|Any CPU
	EndGlobalSection
	GlobalSection(SolutionProperties) = preSolution
		HideSolutionNode = FALSE
	EndGlobalSection
	GlobalSection(ExtensibilityGlobals) = postSolution
		SolutionGuid = {58721653-5F06-4B3F-BB7D-A372AC354E6E}
	EndGlobalSection
EndGlobal
