
Microsoft Visual Studio Solution File, Format Version 12.00
# Visual Studio 15
VisualStudioVersion = 15.0.28307.271
MinimumVisualStudioVersion = 10.0.40219.1
Project("{FAE04EC0-301F-11D3-BF4B-00C04F79EFBC}") = "Ejericio 4", "Ejericio 4\Ejericio 4.csproj", "{6B79F3CA-5F04-418C-AD18-3BAEAC4C4C6B}"
EndProject
Global
	GlobalSection(SolutionConfigurationPlatforms) = preSolution
		Debug|Any CPU = Debug|Any CPU
		Release|Any CPU = Release|Any CPU
	EndGlobalSection
	GlobalSection(ProjectConfigurationPlatforms) = postSolution
		{6B79F3CA-5F04-418C-AD18-3BAEAC4C4C6B}.Debug|Any CPU.ActiveCfg = Debug|Any CPU
		{6B79F3CA-5F04-418C-AD18-3BAEAC4C4C6B}.Debug|Any CPU.Build.0 = Debug|Any CPU
		{6B79F3CA-5F04-418C-AD18-3BAEAC4C4C6B}.Release|Any CPU.ActiveCfg = Release|Any CPU
		{6B79F3CA-5F04-418C-AD18-3BAEAC4C4C6B}.Release|Any CPU.Build.0 = Release|Any CPU
	EndGlobalSection
	GlobalSection(SolutionProperties) = preSolution
		HideSolutionNode = FALSE
	EndGlobalSection
	GlobalSection(ExtensibilityGlobals) = postSolution
		SolutionGuid = {55BA23FE-B636-456E-A08A-9F38C84912A2}
	EndGlobalSection
EndGlobal
