
Microsoft Visual Studio Solution File, Format Version 12.00
# Visual Studio 15
VisualStudioVersion = 15.0.28010.2016
MinimumVisualStudioVersion = 10.0.40219.1
Project("{FAE04EC0-301F-11D3-BF4B-00C04F79EFBC}") = "Examen1", "Examen1\Examen1.csproj", "{16679035-1E4D-4754-8067-486EA19C53A3}"
EndProject
Global
	GlobalSection(SolutionConfigurationPlatforms) = preSolution
		Debug|Any CPU = Debug|Any CPU
		Release|Any CPU = Release|Any CPU
	EndGlobalSection
	GlobalSection(ProjectConfigurationPlatforms) = postSolution
		{16679035-1E4D-4754-8067-486EA19C53A3}.Debug|Any CPU.ActiveCfg = Debug|Any CPU
		{16679035-1E4D-4754-8067-486EA19C53A3}.Debug|Any CPU.Build.0 = Debug|Any CPU
		{16679035-1E4D-4754-8067-486EA19C53A3}.Release|Any CPU.ActiveCfg = Release|Any CPU
		{16679035-1E4D-4754-8067-486EA19C53A3}.Release|Any CPU.Build.0 = Release|Any CPU
	EndGlobalSection
	GlobalSection(SolutionProperties) = preSolution
		HideSolutionNode = FALSE
	EndGlobalSection
	GlobalSection(ExtensibilityGlobals) = postSolution
		SolutionGuid = {98A39FCB-9C7D-4EF5-B263-8FE49FB27F1A}
	EndGlobalSection
EndGlobal
