
Microsoft Visual Studio Solution File, Format Version 12.00
# Visual Studio 15
VisualStudioVersion = 15.0.28307.271
MinimumVisualStudioVersion = 10.0.40219.1
Project("{FAE04EC0-301F-11D3-BF4B-00C04F79EFBC}") = "45 Problemas", "45 Problemas\45 Problemas.csproj", "{78216CF5-E1EA-4D57-9020-F530A31F3D90}"
EndProject
Global
	GlobalSection(SolutionConfigurationPlatforms) = preSolution
		Debug|Any CPU = Debug|Any CPU
		Release|Any CPU = Release|Any CPU
	EndGlobalSection
	GlobalSection(ProjectConfigurationPlatforms) = postSolution
		{78216CF5-E1EA-4D57-9020-F530A31F3D90}.Debug|Any CPU.ActiveCfg = Debug|Any CPU
		{78216CF5-E1EA-4D57-9020-F530A31F3D90}.Debug|Any CPU.Build.0 = Debug|Any CPU
		{78216CF5-E1EA-4D57-9020-F530A31F3D90}.Release|Any CPU.ActiveCfg = Release|Any CPU
		{78216CF5-E1EA-4D57-9020-F530A31F3D90}.Release|Any CPU.Build.0 = Release|Any CPU
	EndGlobalSection
	GlobalSection(SolutionProperties) = preSolution
		HideSolutionNode = FALSE
	EndGlobalSection
	GlobalSection(ExtensibilityGlobals) = postSolution
		SolutionGuid = {984224D3-6E2F-459C-AA6D-A03ADF084A83}
	EndGlobalSection
EndGlobal
