
Microsoft Visual Studio Solution File, Format Version 12.00
# Visual Studio 15
VisualStudioVersion = 15.0.28010.2016
MinimumVisualStudioVersion = 10.0.40219.1
Project("{FAE04EC0-301F-11D3-BF4B-00C04F79EFBC}") = "Ejercicio6", "Ejercicio6\Ejercicio6.csproj", "{A24AB72D-57FB-4B27-9E15-494C46769150}"
EndProject
Global
	GlobalSection(SolutionConfigurationPlatforms) = preSolution
		Debug|Any CPU = Debug|Any CPU
		Release|Any CPU = Release|Any CPU
	EndGlobalSection
	GlobalSection(ProjectConfigurationPlatforms) = postSolution
		{A24AB72D-57FB-4B27-9E15-494C46769150}.Debug|Any CPU.ActiveCfg = Debug|Any CPU
		{A24AB72D-57FB-4B27-9E15-494C46769150}.Debug|Any CPU.Build.0 = Debug|Any CPU
		{A24AB72D-57FB-4B27-9E15-494C46769150}.Release|Any CPU.ActiveCfg = Release|Any CPU
		{A24AB72D-57FB-4B27-9E15-494C46769150}.Release|Any CPU.Build.0 = Release|Any CPU
	EndGlobalSection
	GlobalSection(SolutionProperties) = preSolution
		HideSolutionNode = FALSE
	EndGlobalSection
	GlobalSection(ExtensibilityGlobals) = postSolution
		SolutionGuid = {5754902C-51FA-407E-A53C-236237967C47}
	EndGlobalSection
EndGlobal
