
Microsoft Visual Studio Solution File, Format Version 12.00
# Visual Studio 15
VisualStudioVersion = 15.0.28307.271
MinimumVisualStudioVersion = 10.0.40219.1
Project("{FAE04EC0-301F-11D3-BF4B-00C04F79EFBC}") = "Examen1", "Examen1\Examen1.csproj", "{438D99F0-5FDD-44E0-9BCA-6490FB4D1961}"
EndProject
Global
	GlobalSection(SolutionConfigurationPlatforms) = preSolution
		Debug|Any CPU = Debug|Any CPU
		Release|Any CPU = Release|Any CPU
	EndGlobalSection
	GlobalSection(ProjectConfigurationPlatforms) = postSolution
		{438D99F0-5FDD-44E0-9BCA-6490FB4D1961}.Debug|Any CPU.ActiveCfg = Debug|Any CPU
		{438D99F0-5FDD-44E0-9BCA-6490FB4D1961}.Debug|Any CPU.Build.0 = Debug|Any CPU
		{438D99F0-5FDD-44E0-9BCA-6490FB4D1961}.Release|Any CPU.ActiveCfg = Release|Any CPU
		{438D99F0-5FDD-44E0-9BCA-6490FB4D1961}.Release|Any CPU.Build.0 = Release|Any CPU
	EndGlobalSection
	GlobalSection(SolutionProperties) = preSolution
		HideSolutionNode = FALSE
	EndGlobalSection
	GlobalSection(ExtensibilityGlobals) = postSolution
		SolutionGuid = {02BA08D5-216D-431B-98A1-B0402537E3F0}
	EndGlobalSection
EndGlobal
