
Microsoft Visual Studio Solution File, Format Version 12.00
# Visual Studio 15
VisualStudioVersion = 15.0.28307.271
MinimumVisualStudioVersion = 10.0.40219.1
Project("{FAE04EC0-301F-11D3-BF4B-00C04F79EFBC}") = "TreceProblemasPabloD", "TreceProblemasPabloD\TreceProblemasPabloD.csproj", "{FB88CB95-E301-4EE2-BB75-D48C4B7E58B2}"
EndProject
Global
	GlobalSection(SolutionConfigurationPlatforms) = preSolution
		Debug|Any CPU = Debug|Any CPU
		Release|Any CPU = Release|Any CPU
	EndGlobalSection
	GlobalSection(ProjectConfigurationPlatforms) = postSolution
		{FB88CB95-E301-4EE2-BB75-D48C4B7E58B2}.Debug|Any CPU.ActiveCfg = Debug|Any CPU
		{FB88CB95-E301-4EE2-BB75-D48C4B7E58B2}.Debug|Any CPU.Build.0 = Debug|Any CPU
		{FB88CB95-E301-4EE2-BB75-D48C4B7E58B2}.Release|Any CPU.ActiveCfg = Release|Any CPU
		{FB88CB95-E301-4EE2-BB75-D48C4B7E58B2}.Release|Any CPU.Build.0 = Release|Any CPU
	EndGlobalSection
	GlobalSection(SolutionProperties) = preSolution
		HideSolutionNode = FALSE
	EndGlobalSection
	GlobalSection(ExtensibilityGlobals) = postSolution
		SolutionGuid = {7B957010-551D-4F49-8A0D-6753AFD5BABC}
	EndGlobalSection
EndGlobal
