
Microsoft Visual Studio Solution File, Format Version 12.00
# Visual Studio 15
VisualStudioVersion = 15.0.28307.271
MinimumVisualStudioVersion = 10.0.40219.1
Project("{FAE04EC0-301F-11D3-BF4B-00C04F79EFBC}") = "JuegoUnoPabloDiaz", "JuegoUnoPabloDiaz\JuegoUnoPabloDiaz.csproj", "{46E68BFC-3EAD-4630-835B-5343A95DFF92}"
EndProject
Global
	GlobalSection(SolutionConfigurationPlatforms) = preSolution
		Debug|Any CPU = Debug|Any CPU
		Release|Any CPU = Release|Any CPU
	EndGlobalSection
	GlobalSection(ProjectConfigurationPlatforms) = postSolution
		{46E68BFC-3EAD-4630-835B-5343A95DFF92}.Debug|Any CPU.ActiveCfg = Debug|Any CPU
		{46E68BFC-3EAD-4630-835B-5343A95DFF92}.Debug|Any CPU.Build.0 = Debug|Any CPU
		{46E68BFC-3EAD-4630-835B-5343A95DFF92}.Release|Any CPU.ActiveCfg = Release|Any CPU
		{46E68BFC-3EAD-4630-835B-5343A95DFF92}.Release|Any CPU.Build.0 = Release|Any CPU
	EndGlobalSection
	GlobalSection(SolutionProperties) = preSolution
		HideSolutionNode = FALSE
	EndGlobalSection
	GlobalSection(ExtensibilityGlobals) = postSolution
		SolutionGuid = {606C942F-894E-4A4B-987F-84E50BB0293B}
	EndGlobalSection
EndGlobal
